
Microsoft Visual Studio Solution File, Format Version 12.00
# Visual Studio Version 17
VisualStudioVersion = 17.11.35312.102
MinimumVisualStudioVersion = 10.0.40219.1
Project("{FAE04EC0-301F-11D3-BF4B-00C04F79EFBC}") = "ejercicioFondoColores", "ejercicioFondoColores\ejercicioFondoColores.csproj", "{BAC2E3A8-16E8-4A3E-879E-C33ED9544DEF}"
EndProject
Global
	GlobalSection(SolutionConfigurationPlatforms) = preSolution
		Debug|Any CPU = Debug|Any CPU
		Release|Any CPU = Release|Any CPU
	EndGlobalSection
	GlobalSection(ProjectConfigurationPlatforms) = postSolution
		{BAC2E3A8-16E8-4A3E-879E-C33ED9544DEF}.Debug|Any CPU.ActiveCfg = Debug|Any CPU
		{BAC2E3A8-16E8-4A3E-879E-C33ED9544DEF}.Debug|Any CPU.Build.0 = Debug|Any CPU
		{BAC2E3A8-16E8-4A3E-879E-C33ED9544DEF}.Release|Any CPU.ActiveCfg = Release|Any CPU
		{BAC2E3A8-16E8-4A3E-879E-C33ED9544DEF}.Release|Any CPU.Build.0 = Release|Any CPU
	EndGlobalSection
	GlobalSection(SolutionProperties) = preSolution
		HideSolutionNode = FALSE
	EndGlobalSection
	GlobalSection(ExtensibilityGlobals) = postSolution
		SolutionGuid = {A8A9584B-BB79-4138-8BD3-D00EDDD0B0AE}
	EndGlobalSection
EndGlobal
