
Microsoft Visual Studio Solution File, Format Version 12.00
# Visual Studio Version 17
VisualStudioVersion = 17.11.35327.3
MinimumVisualStudioVersion = 10.0.40219.1
Project("{FAE04EC0-301F-11D3-BF4B-00C04F79EFBC}") = "ejercicioContenedores", "ejercicioContenedores\ejercicioContenedores.csproj", "{32F6ABD2-806B-4456-9B3C-2C7568456131}"
EndProject
Global
	GlobalSection(SolutionConfigurationPlatforms) = preSolution
		Debug|Any CPU = Debug|Any CPU
		Release|Any CPU = Release|Any CPU
	EndGlobalSection
	GlobalSection(ProjectConfigurationPlatforms) = postSolution
		{32F6ABD2-806B-4456-9B3C-2C7568456131}.Debug|Any CPU.ActiveCfg = Debug|Any CPU
		{32F6ABD2-806B-4456-9B3C-2C7568456131}.Debug|Any CPU.Build.0 = Debug|Any CPU
		{32F6ABD2-806B-4456-9B3C-2C7568456131}.Release|Any CPU.ActiveCfg = Release|Any CPU
		{32F6ABD2-806B-4456-9B3C-2C7568456131}.Release|Any CPU.Build.0 = Release|Any CPU
	EndGlobalSection
	GlobalSection(SolutionProperties) = preSolution
		HideSolutionNode = FALSE
	EndGlobalSection
	GlobalSection(ExtensibilityGlobals) = postSolution
		SolutionGuid = {5E17A218-038D-4755-8F9E-B4C3B77D53B4}
	EndGlobalSection
EndGlobal
