
Microsoft Visual Studio Solution File, Format Version 12.00
# Visual Studio Version 17
VisualStudioVersion = 17.11.35327.3
MinimumVisualStudioVersion = 10.0.40219.1
Project("{FAE04EC0-301F-11D3-BF4B-00C04F79EFBC}") = "proyectoGraficoMario", "proyectoGraficoMario\proyectoGraficoMario.csproj", "{D29D4519-EC41-4858-AF4F-D48665F75174}"
EndProject
Global
	GlobalSection(SolutionConfigurationPlatforms) = preSolution
		Debug|Any CPU = Debug|Any CPU
		Release|Any CPU = Release|Any CPU
	EndGlobalSection
	GlobalSection(ProjectConfigurationPlatforms) = postSolution
		{D29D4519-EC41-4858-AF4F-D48665F75174}.Debug|Any CPU.ActiveCfg = Debug|Any CPU
		{D29D4519-EC41-4858-AF4F-D48665F75174}.Debug|Any CPU.Build.0 = Debug|Any CPU
		{D29D4519-EC41-4858-AF4F-D48665F75174}.Release|Any CPU.ActiveCfg = Release|Any CPU
		{D29D4519-EC41-4858-AF4F-D48665F75174}.Release|Any CPU.Build.0 = Release|Any CPU
	EndGlobalSection
	GlobalSection(SolutionProperties) = preSolution
		HideSolutionNode = FALSE
	EndGlobalSection
	GlobalSection(ExtensibilityGlobals) = postSolution
		SolutionGuid = {CC55BA30-E509-4CC0-B455-C611AFB1500E}
	EndGlobalSection
EndGlobal
