
Microsoft Visual Studio Solution File, Format Version 12.00
# Visual Studio Version 17
VisualStudioVersion = 17.11.35303.130
MinimumVisualStudioVersion = 10.0.40219.1
Project("{FAE04EC0-301F-11D3-BF4B-00C04F79EFBC}") = "ejerciciosMetodos", "ejerciciosMetodos\ejerciciosMetodos.csproj", "{FEE2F5BE-90CB-4810-9CE6-A2F69BB074DE}"
EndProject
Global
	GlobalSection(SolutionConfigurationPlatforms) = preSolution
		Debug|Any CPU = Debug|Any CPU
		Release|Any CPU = Release|Any CPU
	EndGlobalSection
	GlobalSection(ProjectConfigurationPlatforms) = postSolution
		{FEE2F5BE-90CB-4810-9CE6-A2F69BB074DE}.Debug|Any CPU.ActiveCfg = Debug|Any CPU
		{FEE2F5BE-90CB-4810-9CE6-A2F69BB074DE}.Debug|Any CPU.Build.0 = Debug|Any CPU
		{FEE2F5BE-90CB-4810-9CE6-A2F69BB074DE}.Release|Any CPU.ActiveCfg = Release|Any CPU
		{FEE2F5BE-90CB-4810-9CE6-A2F69BB074DE}.Release|Any CPU.Build.0 = Release|Any CPU
	EndGlobalSection
	GlobalSection(SolutionProperties) = preSolution
		HideSolutionNode = FALSE
	EndGlobalSection
	GlobalSection(ExtensibilityGlobals) = postSolution
		SolutionGuid = {7B96B0F6-C520-4AAB-BA15-AEDC02A4BFBD}
	EndGlobalSection
EndGlobal
