
Microsoft Visual Studio Solution File, Format Version 12.00
# Visual Studio Version 17
VisualStudioVersion = 17.11.35312.102
MinimumVisualStudioVersion = 10.0.40219.1
Project("{FAE04EC0-301F-11D3-BF4B-00C04F79EFBC}") = "ejercicioAvanzado", "ejercicioAvanzado\ejercicioAvanzado.csproj", "{7E8D5681-4A40-4EAB-B87B-D977911D088E}"
EndProject
Global
	GlobalSection(SolutionConfigurationPlatforms) = preSolution
		Debug|Any CPU = Debug|Any CPU
		Release|Any CPU = Release|Any CPU
	EndGlobalSection
	GlobalSection(ProjectConfigurationPlatforms) = postSolution
		{7E8D5681-4A40-4EAB-B87B-D977911D088E}.Debug|Any CPU.ActiveCfg = Debug|Any CPU
		{7E8D5681-4A40-4EAB-B87B-D977911D088E}.Debug|Any CPU.Build.0 = Debug|Any CPU
		{7E8D5681-4A40-4EAB-B87B-D977911D088E}.Release|Any CPU.ActiveCfg = Release|Any CPU
		{7E8D5681-4A40-4EAB-B87B-D977911D088E}.Release|Any CPU.Build.0 = Release|Any CPU
	EndGlobalSection
	GlobalSection(SolutionProperties) = preSolution
		HideSolutionNode = FALSE
	EndGlobalSection
	GlobalSection(ExtensibilityGlobals) = postSolution
		SolutionGuid = {33D016CE-7A6D-4515-B35E-FC90D11804B4}
	EndGlobalSection
EndGlobal
