
Microsoft Visual Studio Solution File, Format Version 12.00
# Visual Studio Version 17
VisualStudioVersion = 17.11.35312.102
MinimumVisualStudioVersion = 10.0.40219.1
Project("{FAE04EC0-301F-11D3-BF4B-00C04F79EFBC}") = "ejercicioCalculadora", "ejercicioCalculadora\ejercicioCalculadora.csproj", "{BF88C6C0-E658-4F58-91E4-C2F0BCD8A353}"
EndProject
Global
	GlobalSection(SolutionConfigurationPlatforms) = preSolution
		Debug|Any CPU = Debug|Any CPU
		Release|Any CPU = Release|Any CPU
	EndGlobalSection
	GlobalSection(ProjectConfigurationPlatforms) = postSolution
		{BF88C6C0-E658-4F58-91E4-C2F0BCD8A353}.Debug|Any CPU.ActiveCfg = Debug|Any CPU
		{BF88C6C0-E658-4F58-91E4-C2F0BCD8A353}.Debug|Any CPU.Build.0 = Debug|Any CPU
		{BF88C6C0-E658-4F58-91E4-C2F0BCD8A353}.Release|Any CPU.ActiveCfg = Release|Any CPU
		{BF88C6C0-E658-4F58-91E4-C2F0BCD8A353}.Release|Any CPU.Build.0 = Release|Any CPU
	EndGlobalSection
	GlobalSection(SolutionProperties) = preSolution
		HideSolutionNode = FALSE
	EndGlobalSection
	GlobalSection(ExtensibilityGlobals) = postSolution
		SolutionGuid = {937D548C-BA6C-4A03-BF01-9A64644377A4}
	EndGlobalSection
EndGlobal
