
Microsoft Visual Studio Solution File, Format Version 12.00
# Visual Studio Version 17
VisualStudioVersion = 17.11.35303.130
MinimumVisualStudioVersion = 10.0.40219.1
Project("{FAE04EC0-301F-11D3-BF4B-00C04F79EFBC}") = "ejercicioTablero", "ejercicioTablero\ejercicioTablero.csproj", "{74C641B7-9B07-4BC3-ACA1-BA95D5CF202D}"
EndProject
Global
	GlobalSection(SolutionConfigurationPlatforms) = preSolution
		Debug|Any CPU = Debug|Any CPU
		Release|Any CPU = Release|Any CPU
	EndGlobalSection
	GlobalSection(ProjectConfigurationPlatforms) = postSolution
		{74C641B7-9B07-4BC3-ACA1-BA95D5CF202D}.Debug|Any CPU.ActiveCfg = Debug|Any CPU
		{74C641B7-9B07-4BC3-ACA1-BA95D5CF202D}.Debug|Any CPU.Build.0 = Debug|Any CPU
		{74C641B7-9B07-4BC3-ACA1-BA95D5CF202D}.Release|Any CPU.ActiveCfg = Release|Any CPU
		{74C641B7-9B07-4BC3-ACA1-BA95D5CF202D}.Release|Any CPU.Build.0 = Release|Any CPU
	EndGlobalSection
	GlobalSection(SolutionProperties) = preSolution
		HideSolutionNode = FALSE
	EndGlobalSection
	GlobalSection(ExtensibilityGlobals) = postSolution
		SolutionGuid = {0EEE4F2B-C8DA-41CC-865C-B12C6063E107}
	EndGlobalSection
EndGlobal
