
Microsoft Visual Studio Solution File, Format Version 12.00
# Visual Studio Version 17
VisualStudioVersion = 17.5.002.0
MinimumVisualStudioVersion = 10.0.40219.1
Project("{9A19103F-16F7-4668-BE54-9A1E7A4F7556}") = "ejercicioManejoPersonas", "ejercicioManejoPersonas.csproj", "{1FEC8D14-EFD1-47EC-836D-31CCCCDF1BBB}"
EndProject
Global
	GlobalSection(SolutionConfigurationPlatforms) = preSolution
		Debug|Any CPU = Debug|Any CPU
		Release|Any CPU = Release|Any CPU
	EndGlobalSection
	GlobalSection(ProjectConfigurationPlatforms) = postSolution
		{1FEC8D14-EFD1-47EC-836D-31CCCCDF1BBB}.Debug|Any CPU.ActiveCfg = Debug|Any CPU
		{1FEC8D14-EFD1-47EC-836D-31CCCCDF1BBB}.Debug|Any CPU.Build.0 = Debug|Any CPU
		{1FEC8D14-EFD1-47EC-836D-31CCCCDF1BBB}.Release|Any CPU.ActiveCfg = Release|Any CPU
		{1FEC8D14-EFD1-47EC-836D-31CCCCDF1BBB}.Release|Any CPU.Build.0 = Release|Any CPU
	EndGlobalSection
	GlobalSection(SolutionProperties) = preSolution
		HideSolutionNode = FALSE
	EndGlobalSection
	GlobalSection(ExtensibilityGlobals) = postSolution
		SolutionGuid = {FFA8C899-96BA-48A6-B50C-2B921C1BC85C}
	EndGlobalSection
EndGlobal
